
Microsoft Visual Studio Solution File, Format Version 12.00
# Visual Studio 15
VisualStudioVersion = 15.0.26730.15
MinimumVisualStudioVersion = 10.0.40219.1
Project("{FAE04EC0-301F-11D3-BF4B-00C04F79EFBC}") = "Variabler", "Variabler\Variabler.csproj", "{8FAB161C-49C5-40FE-BD86-485A908F8762}"
EndProject
Project("{FAE04EC0-301F-11D3-BF4B-00C04F79EFBC}") = "månedsløn", "månedsløn\månedsløn.csproj", "{4B34A884-A970-4AA4-AECE-030DC34ADF45}"
EndProject
Project("{FAE04EC0-301F-11D3-BF4B-00C04F79EFBC}") = "string", "string\string.csproj", "{19312389-A151-418B-B11F-4FCCA7C7D6A7}"
EndProject
Project("{FAE04EC0-301F-11D3-BF4B-00C04F79EFBC}") = "lilleTabel", "lilleTabel\lilleTabel.csproj", "{13F75310-2CC5-4C6D-BD20-2F7C491E2F81}"
EndProject
Project("{FAE04EC0-301F-11D3-BF4B-00C04F79EFBC}") = "SmallMetode", "SmallMetode\SmallMetode.csproj", "{6928A54F-B686-4495-A536-461E617B6DF7}"
EndProject
Project("{FAE04EC0-301F-11D3-BF4B-00C04F79EFBC}") = "BeregnArray", "BeregnArray\BeregnArray.csproj", "{37CC8EB8-A9F4-49F8-8169-510158E58A56}"
EndProject
Project("{FAE04EC0-301F-11D3-BF4B-00C04F79EFBC}") = "Overload", "Overload\Overload.csproj", "{58C87709-339F-4A4F-9A70-1D0A2C4124F5}"
EndProject
Project("{FAE04EC0-301F-11D3-BF4B-00C04F79EFBC}") = "Rekursivt", "Rekursivt\Rekursivt.csproj", "{CCA3FEAA-7117-4F3F-B8BD-0AD47E9F4AED}"
EndProject
Project("{FAE04EC0-301F-11D3-BF4B-00C04F79EFBC}") = "SimpelClass", "SimpelClass\SimpelClass.csproj", "{B6FF990B-A124-41EF-AE93-B0FD8BD15439}"
EndProject
Project("{FAE04EC0-301F-11D3-BF4B-00C04F79EFBC}") = "Terning1", "Terning1\Terning1.csproj", "{64EC57BE-57E5-4B9F-9711-A05519D10384}"
EndProject
Project("{FAE04EC0-301F-11D3-BF4B-00C04F79EFBC}") = "Trekant", "Trekant\Trekant.csproj", "{41D64452-36EE-42F5-AB6E-C4284BA62DB6}"
EndProject
Project("{FAE04EC0-301F-11D3-BF4B-00C04F79EFBC}") = "Vare", "Vare\Vare.csproj", "{57439F9E-9B7A-4A9B-AF5B-E787DA73851B}"
EndProject
Project("{FAE04EC0-301F-11D3-BF4B-00C04F79EFBC}") = "Person", "Person\Person.csproj", "{4A487E03-6CB7-4A72-822B-05B57BAC989B}"
EndProject
Project("{FAE04EC0-301F-11D3-BF4B-00C04F79EFBC}") = "ArealBeregning", "ArealBeregning\ArealBeregning.csproj", "{8594D816-1E2C-4AC7-9A8B-811082125D94}"
EndProject
Project("{FAE04EC0-301F-11D3-BF4B-00C04F79EFBC}") = "UdvidRandom", "Arv1\UdvidRandom.csproj", "{BA759981-7E12-47D7-BDBC-B1C3B1181278}"
EndProject
Project("{FAE04EC0-301F-11D3-BF4B-00C04F79EFBC}") = "Nedarvning1", "Nedarvning1\Nedarvning1.csproj", "{CCB665F7-1B10-440D-A405-A482DFAB8E4A}"
EndProject
Project("{FAE04EC0-301F-11D3-BF4B-00C04F79EFBC}") = "Arv", "Arv\Arv.csproj", "{F1F4444A-E807-4899-A3A4-C59D45042EF1}"
EndProject
Project("{FAE04EC0-301F-11D3-BF4B-00C04F79EFBC}") = "polymorfiDyr1", "polymorfiDyr1\polymorfiDyr1.csproj", "{6F4784D4-7834-4B2D-9775-0B2AFE0A4FBF}"
EndProject
Project("{FAE04EC0-301F-11D3-BF4B-00C04F79EFBC}") = "simpelFejl1", "simpelFejl1\simpelFejl1.csproj", "{CDA06EA1-C80A-4F4F-BD45-38FD60A2BC4F}"
EndProject
Project("{FAE04EC0-301F-11D3-BF4B-00C04F79EFBC}") = "nedarv", "nedarv\nedarv.csproj", "{683B2E41-2FE9-4CA9-91BD-C76B1AC984D0}"
EndProject
Project("{FAE04EC0-301F-11D3-BF4B-00C04F79EFBC}") = "Modul10_interface", "Modul10_interface\Modul10_interface.csproj", "{9C602ADC-04A0-47AB-993D-0B9668603547}"
EndProject
Project("{FAE04EC0-301F-11D3-BF4B-00C04F79EFBC}") = "Module11_Collection", "Module11_Collection\Module11_Collection.csproj", "{B580003E-E25A-43FD-8188-EDA03449156F}"
EndProject
Project("{FAE04EC0-301F-11D3-BF4B-00C04F79EFBC}") = "Module11_generic", "Module11_generic\Module11_generic.csproj", "{5D8E5269-1D71-4390-8769-1B3B9201EF49}"
EndProject
Global
	GlobalSection(SolutionConfigurationPlatforms) = preSolution
		Debug|Any CPU = Debug|Any CPU
		Release|Any CPU = Release|Any CPU
	EndGlobalSection
	GlobalSection(ProjectConfigurationPlatforms) = postSolution
		{8FAB161C-49C5-40FE-BD86-485A908F8762}.Debug|Any CPU.ActiveCfg = Debug|Any CPU
		{8FAB161C-49C5-40FE-BD86-485A908F8762}.Debug|Any CPU.Build.0 = Debug|Any CPU
		{8FAB161C-49C5-40FE-BD86-485A908F8762}.Release|Any CPU.ActiveCfg = Release|Any CPU
		{8FAB161C-49C5-40FE-BD86-485A908F8762}.Release|Any CPU.Build.0 = Release|Any CPU
		{4B34A884-A970-4AA4-AECE-030DC34ADF45}.Debug|Any CPU.ActiveCfg = Debug|Any CPU
		{4B34A884-A970-4AA4-AECE-030DC34ADF45}.Debug|Any CPU.Build.0 = Debug|Any CPU
		{4B34A884-A970-4AA4-AECE-030DC34ADF45}.Release|Any CPU.ActiveCfg = Release|Any CPU
		{4B34A884-A970-4AA4-AECE-030DC34ADF45}.Release|Any CPU.Build.0 = Release|Any CPU
		{19312389-A151-418B-B11F-4FCCA7C7D6A7}.Debug|Any CPU.ActiveCfg = Debug|Any CPU
		{19312389-A151-418B-B11F-4FCCA7C7D6A7}.Debug|Any CPU.Build.0 = Debug|Any CPU
		{19312389-A151-418B-B11F-4FCCA7C7D6A7}.Release|Any CPU.ActiveCfg = Release|Any CPU
		{19312389-A151-418B-B11F-4FCCA7C7D6A7}.Release|Any CPU.Build.0 = Release|Any CPU
		{13F75310-2CC5-4C6D-BD20-2F7C491E2F81}.Debug|Any CPU.ActiveCfg = Debug|Any CPU
		{13F75310-2CC5-4C6D-BD20-2F7C491E2F81}.Debug|Any CPU.Build.0 = Debug|Any CPU
		{13F75310-2CC5-4C6D-BD20-2F7C491E2F81}.Release|Any CPU.ActiveCfg = Release|Any CPU
		{13F75310-2CC5-4C6D-BD20-2F7C491E2F81}.Release|Any CPU.Build.0 = Release|Any CPU
		{6928A54F-B686-4495-A536-461E617B6DF7}.Debug|Any CPU.ActiveCfg = Debug|Any CPU
		{6928A54F-B686-4495-A536-461E617B6DF7}.Debug|Any CPU.Build.0 = Debug|Any CPU
		{6928A54F-B686-4495-A536-461E617B6DF7}.Release|Any CPU.ActiveCfg = Release|Any CPU
		{6928A54F-B686-4495-A536-461E617B6DF7}.Release|Any CPU.Build.0 = Release|Any CPU
		{37CC8EB8-A9F4-49F8-8169-510158E58A56}.Debug|Any CPU.ActiveCfg = Debug|Any CPU
		{37CC8EB8-A9F4-49F8-8169-510158E58A56}.Debug|Any CPU.Build.0 = Debug|Any CPU
		{37CC8EB8-A9F4-49F8-8169-510158E58A56}.Release|Any CPU.ActiveCfg = Release|Any CPU
		{37CC8EB8-A9F4-49F8-8169-510158E58A56}.Release|Any CPU.Build.0 = Release|Any CPU
		{58C87709-339F-4A4F-9A70-1D0A2C4124F5}.Debug|Any CPU.ActiveCfg = Debug|Any CPU
		{58C87709-339F-4A4F-9A70-1D0A2C4124F5}.Debug|Any CPU.Build.0 = Debug|Any CPU
		{58C87709-339F-4A4F-9A70-1D0A2C4124F5}.Release|Any CPU.ActiveCfg = Release|Any CPU
		{58C87709-339F-4A4F-9A70-1D0A2C4124F5}.Release|Any CPU.Build.0 = Release|Any CPU
		{CCA3FEAA-7117-4F3F-B8BD-0AD47E9F4AED}.Debug|Any CPU.ActiveCfg = Debug|Any CPU
		{CCA3FEAA-7117-4F3F-B8BD-0AD47E9F4AED}.Debug|Any CPU.Build.0 = Debug|Any CPU
		{CCA3FEAA-7117-4F3F-B8BD-0AD47E9F4AED}.Release|Any CPU.ActiveCfg = Release|Any CPU
		{CCA3FEAA-7117-4F3F-B8BD-0AD47E9F4AED}.Release|Any CPU.Build.0 = Release|Any CPU
		{B6FF990B-A124-41EF-AE93-B0FD8BD15439}.Debug|Any CPU.ActiveCfg = Debug|Any CPU
		{B6FF990B-A124-41EF-AE93-B0FD8BD15439}.Debug|Any CPU.Build.0 = Debug|Any CPU
		{B6FF990B-A124-41EF-AE93-B0FD8BD15439}.Release|Any CPU.ActiveCfg = Release|Any CPU
		{B6FF990B-A124-41EF-AE93-B0FD8BD15439}.Release|Any CPU.Build.0 = Release|Any CPU
		{64EC57BE-57E5-4B9F-9711-A05519D10384}.Debug|Any CPU.ActiveCfg = Debug|Any CPU
		{64EC57BE-57E5-4B9F-9711-A05519D10384}.Debug|Any CPU.Build.0 = Debug|Any CPU
		{64EC57BE-57E5-4B9F-9711-A05519D10384}.Release|Any CPU.ActiveCfg = Release|Any CPU
		{64EC57BE-57E5-4B9F-9711-A05519D10384}.Release|Any CPU.Build.0 = Release|Any CPU
		{41D64452-36EE-42F5-AB6E-C4284BA62DB6}.Debug|Any CPU.ActiveCfg = Debug|Any CPU
		{41D64452-36EE-42F5-AB6E-C4284BA62DB6}.Debug|Any CPU.Build.0 = Debug|Any CPU
		{41D64452-36EE-42F5-AB6E-C4284BA62DB6}.Release|Any CPU.ActiveCfg = Release|Any CPU
		{41D64452-36EE-42F5-AB6E-C4284BA62DB6}.Release|Any CPU.Build.0 = Release|Any CPU
		{57439F9E-9B7A-4A9B-AF5B-E787DA73851B}.Debug|Any CPU.ActiveCfg = Debug|Any CPU
		{57439F9E-9B7A-4A9B-AF5B-E787DA73851B}.Debug|Any CPU.Build.0 = Debug|Any CPU
		{57439F9E-9B7A-4A9B-AF5B-E787DA73851B}.Release|Any CPU.ActiveCfg = Release|Any CPU
		{57439F9E-9B7A-4A9B-AF5B-E787DA73851B}.Release|Any CPU.Build.0 = Release|Any CPU
		{4A487E03-6CB7-4A72-822B-05B57BAC989B}.Debug|Any CPU.ActiveCfg = Debug|Any CPU
		{4A487E03-6CB7-4A72-822B-05B57BAC989B}.Debug|Any CPU.Build.0 = Debug|Any CPU
		{4A487E03-6CB7-4A72-822B-05B57BAC989B}.Release|Any CPU.ActiveCfg = Release|Any CPU
		{4A487E03-6CB7-4A72-822B-05B57BAC989B}.Release|Any CPU.Build.0 = Release|Any CPU
		{8594D816-1E2C-4AC7-9A8B-811082125D94}.Debug|Any CPU.ActiveCfg = Debug|Any CPU
		{8594D816-1E2C-4AC7-9A8B-811082125D94}.Debug|Any CPU.Build.0 = Debug|Any CPU
		{8594D816-1E2C-4AC7-9A8B-811082125D94}.Release|Any CPU.ActiveCfg = Release|Any CPU
		{8594D816-1E2C-4AC7-9A8B-811082125D94}.Release|Any CPU.Build.0 = Release|Any CPU
		{BA759981-7E12-47D7-BDBC-B1C3B1181278}.Debug|Any CPU.ActiveCfg = Debug|Any CPU
		{BA759981-7E12-47D7-BDBC-B1C3B1181278}.Debug|Any CPU.Build.0 = Debug|Any CPU
		{BA759981-7E12-47D7-BDBC-B1C3B1181278}.Release|Any CPU.ActiveCfg = Release|Any CPU
		{BA759981-7E12-47D7-BDBC-B1C3B1181278}.Release|Any CPU.Build.0 = Release|Any CPU
		{CCB665F7-1B10-440D-A405-A482DFAB8E4A}.Debug|Any CPU.ActiveCfg = Debug|Any CPU
		{CCB665F7-1B10-440D-A405-A482DFAB8E4A}.Debug|Any CPU.Build.0 = Debug|Any CPU
		{CCB665F7-1B10-440D-A405-A482DFAB8E4A}.Release|Any CPU.ActiveCfg = Release|Any CPU
		{CCB665F7-1B10-440D-A405-A482DFAB8E4A}.Release|Any CPU.Build.0 = Release|Any CPU
		{F1F4444A-E807-4899-A3A4-C59D45042EF1}.Debug|Any CPU.ActiveCfg = Debug|Any CPU
		{F1F4444A-E807-4899-A3A4-C59D45042EF1}.Debug|Any CPU.Build.0 = Debug|Any CPU
		{F1F4444A-E807-4899-A3A4-C59D45042EF1}.Release|Any CPU.ActiveCfg = Release|Any CPU
		{F1F4444A-E807-4899-A3A4-C59D45042EF1}.Release|Any CPU.Build.0 = Release|Any CPU
		{6F4784D4-7834-4B2D-9775-0B2AFE0A4FBF}.Debug|Any CPU.ActiveCfg = Debug|Any CPU
		{6F4784D4-7834-4B2D-9775-0B2AFE0A4FBF}.Debug|Any CPU.Build.0 = Debug|Any CPU
		{6F4784D4-7834-4B2D-9775-0B2AFE0A4FBF}.Release|Any CPU.ActiveCfg = Release|Any CPU
		{6F4784D4-7834-4B2D-9775-0B2AFE0A4FBF}.Release|Any CPU.Build.0 = Release|Any CPU
		{CDA06EA1-C80A-4F4F-BD45-38FD60A2BC4F}.Debug|Any CPU.ActiveCfg = Debug|Any CPU
		{CDA06EA1-C80A-4F4F-BD45-38FD60A2BC4F}.Debug|Any CPU.Build.0 = Debug|Any CPU
		{CDA06EA1-C80A-4F4F-BD45-38FD60A2BC4F}.Release|Any CPU.ActiveCfg = Release|Any CPU
		{CDA06EA1-C80A-4F4F-BD45-38FD60A2BC4F}.Release|Any CPU.Build.0 = Release|Any CPU
		{683B2E41-2FE9-4CA9-91BD-C76B1AC984D0}.Debug|Any CPU.ActiveCfg = Debug|Any CPU
		{683B2E41-2FE9-4CA9-91BD-C76B1AC984D0}.Debug|Any CPU.Build.0 = Debug|Any CPU
		{683B2E41-2FE9-4CA9-91BD-C76B1AC984D0}.Release|Any CPU.ActiveCfg = Release|Any CPU
		{683B2E41-2FE9-4CA9-91BD-C76B1AC984D0}.Release|Any CPU.Build.0 = Release|Any CPU
		{9C602ADC-04A0-47AB-993D-0B9668603547}.Debug|Any CPU.ActiveCfg = Debug|Any CPU
		{9C602ADC-04A0-47AB-993D-0B9668603547}.Debug|Any CPU.Build.0 = Debug|Any CPU
		{9C602ADC-04A0-47AB-993D-0B9668603547}.Release|Any CPU.ActiveCfg = Release|Any CPU
		{9C602ADC-04A0-47AB-993D-0B9668603547}.Release|Any CPU.Build.0 = Release|Any CPU
		{B580003E-E25A-43FD-8188-EDA03449156F}.Debug|Any CPU.ActiveCfg = Debug|Any CPU
		{B580003E-E25A-43FD-8188-EDA03449156F}.Debug|Any CPU.Build.0 = Debug|Any CPU
		{B580003E-E25A-43FD-8188-EDA03449156F}.Release|Any CPU.ActiveCfg = Release|Any CPU
		{B580003E-E25A-43FD-8188-EDA03449156F}.Release|Any CPU.Build.0 = Release|Any CPU
		{5D8E5269-1D71-4390-8769-1B3B9201EF49}.Debug|Any CPU.ActiveCfg = Debug|Any CPU
		{5D8E5269-1D71-4390-8769-1B3B9201EF49}.Debug|Any CPU.Build.0 = Debug|Any CPU
		{5D8E5269-1D71-4390-8769-1B3B9201EF49}.Release|Any CPU.ActiveCfg = Release|Any CPU
		{5D8E5269-1D71-4390-8769-1B3B9201EF49}.Release|Any CPU.Build.0 = Release|Any CPU
	EndGlobalSection
	GlobalSection(SolutionProperties) = preSolution
		HideSolutionNode = FALSE
	EndGlobalSection
	GlobalSection(ExtensibilityGlobals) = postSolution
		SolutionGuid = {C839B6AC-3BA7-4F8D-A63D-766E717BABD3}
	EndGlobalSection
EndGlobal
